
Microsoft Visual Studio Solution File, Format Version 12.00
# Visual Studio Version 17
VisualStudioVersion = 17.0.31912.275
MinimumVisualStudioVersion = 10.0.40219.1
Project("{FAE04EC0-301F-11D3-BF4B-00C04F79EFBC}") = "TheEgg.CLI", "TheEgg.CLI\TheEgg.CLI.csproj", "{E516B6F3-76B1-4380-9675-91CE618A19A8}"
EndProject
Project("{FAE04EC0-301F-11D3-BF4B-00C04F79EFBC}") = "TheEgg.Model", "TheEgg.Model\TheEgg.Model.csproj", "{E0B7E0A8-5966-42C2-837F-9E6A3A5C06E3}"
EndProject
Global
	GlobalSection(SolutionConfigurationPlatforms) = preSolution
		Debug|Any CPU = Debug|Any CPU
		Release|Any CPU = Release|Any CPU
	EndGlobalSection
	GlobalSection(ProjectConfigurationPlatforms) = postSolution
		{E516B6F3-76B1-4380-9675-91CE618A19A8}.Debug|Any CPU.ActiveCfg = Debug|Any CPU
		{E516B6F3-76B1-4380-9675-91CE618A19A8}.Debug|Any CPU.Build.0 = Debug|Any CPU
		{E516B6F3-76B1-4380-9675-91CE618A19A8}.Release|Any CPU.ActiveCfg = Release|Any CPU
		{E516B6F3-76B1-4380-9675-91CE618A19A8}.Release|Any CPU.Build.0 = Release|Any CPU
		{E0B7E0A8-5966-42C2-837F-9E6A3A5C06E3}.Debug|Any CPU.ActiveCfg = Debug|Any CPU
		{E0B7E0A8-5966-42C2-837F-9E6A3A5C06E3}.Debug|Any CPU.Build.0 = Debug|Any CPU
		{E0B7E0A8-5966-42C2-837F-9E6A3A5C06E3}.Release|Any CPU.ActiveCfg = Release|Any CPU
		{E0B7E0A8-5966-42C2-837F-9E6A3A5C06E3}.Release|Any CPU.Build.0 = Release|Any CPU
	EndGlobalSection
	GlobalSection(SolutionProperties) = preSolution
		HideSolutionNode = FALSE
	EndGlobalSection
	GlobalSection(ExtensibilityGlobals) = postSolution
		SolutionGuid = {4DD522A4-35CC-40B6-931B-8332CD70CABB}
	EndGlobalSection
EndGlobal
